Microsoft Visual Studio Solution File, Format Version 11.00
# Visual Studio 2008

Project("{6DB81E40-5BDD-2253-206F-FBC7702515FE}") = "Colder Days", "Assembly-CSharp.csproj", "{204DB89C-ABC1-65B4-55ED-3B2ADD107A61}"
EndProject
Global
	GlobalSection(SolutionConfigurationPlatforms) = preSolution
		Debug|Any CPU = Debug|Any CPU
		Release|Any CPU = Release|Any CPU
	EndGlobalSection
	GlobalSection(ProjectConfigurationPlatforms) = postSolution
		{204DB89C-ABC1-65B4-55ED-3B2ADD107A61}.Debug|Any CPU.ActiveCfg = Debug|Any CPU
		{204DB89C-ABC1-65B4-55ED-3B2ADD107A61}.Debug|Any CPU.Build.0 = Debug|Any CPU
		{204DB89C-ABC1-65B4-55ED-3B2ADD107A61}.Release|Any CPU.ActiveCfg = Release|Any CPU
		{204DB89C-ABC1-65B4-55ED-3B2ADD107A61}.Release|Any CPU.Build.0 = Release|Any CPU
	EndGlobalSection
	GlobalSection(SolutionProperties) = preSolution
		HideSolutionNode = FALSE
	EndGlobalSection
	GlobalSection(MonoDevelopProperties) = preSolution
		StartupItem = Assembly-CSharp.csproj
	EndGlobalSection
EndGlobal
